
Microsoft Visual Studio Solution File, Format Version 12.00
# Visual Studio Version 17
VisualStudioVersion = 17.11.35222.181
MinimumVisualStudioVersion = 10.0.40219.1
Project("{8BC9CEB8-8B4A-11D0-8D11-00A0C91BC942}") = "return10", "return10\return10.vcxproj", "{DDBA6D94-CED5-4116-95A4-612019FED56D}"
EndProject
Project("{8BC9CEB8-8B4A-11D0-8D11-00A0C91BC942}") = "ClientProject", "ClientProject\ClientProject.vcxproj", "{2AAB283C-6B3F-4A12-BA8A-B1CED8AC6C5F}"
EndProject
Project("{8BC9CEB8-8B4A-11D0-8D11-00A0C91BC942}") = "Validator", "Validator\Validator.vcxproj", "{44AAC87C-433A-4287-84A6-9303C9361347}"
EndProject
Global
	GlobalSection(SolutionConfigurationPlatforms) = preSolution
		Debug|x64 = Debug|x64
		Debug|x86 = Debug|x86
		Release|x64 = Release|x64
		Release|x86 = Release|x86
	EndGlobalSection
	GlobalSection(ProjectConfigurationPlatforms) = postSolution
		{DDBA6D94-CED5-4116-95A4-612019FED56D}.Debug|x64.ActiveCfg = Debug|x64
		{DDBA6D94-CED5-4116-95A4-612019FED56D}.Debug|x64.Build.0 = Debug|x64
		{DDBA6D94-CED5-4116-95A4-612019FED56D}.Debug|x86.ActiveCfg = Debug|Win32
		{DDBA6D94-CED5-4116-95A4-612019FED56D}.Debug|x86.Build.0 = Debug|Win32
		{DDBA6D94-CED5-4116-95A4-612019FED56D}.Release|x64.ActiveCfg = Release|x64
		{DDBA6D94-CED5-4116-95A4-612019FED56D}.Release|x64.Build.0 = Release|x64
		{DDBA6D94-CED5-4116-95A4-612019FED56D}.Release|x86.ActiveCfg = Release|Win32
		{DDBA6D94-CED5-4116-95A4-612019FED56D}.Release|x86.Build.0 = Release|Win32
		{2AAB283C-6B3F-4A12-BA8A-B1CED8AC6C5F}.Debug|x64.ActiveCfg = Debug|x64
		{2AAB283C-6B3F-4A12-BA8A-B1CED8AC6C5F}.Debug|x64.Build.0 = Debug|x64
		{2AAB283C-6B3F-4A12-BA8A-B1CED8AC6C5F}.Debug|x86.ActiveCfg = Debug|Win32
		{2AAB283C-6B3F-4A12-BA8A-B1CED8AC6C5F}.Debug|x86.Build.0 = Debug|Win32
		{2AAB283C-6B3F-4A12-BA8A-B1CED8AC6C5F}.Release|x64.ActiveCfg = Release|x64
		{2AAB283C-6B3F-4A12-BA8A-B1CED8AC6C5F}.Release|x64.Build.0 = Release|x64
		{2AAB283C-6B3F-4A12-BA8A-B1CED8AC6C5F}.Release|x86.ActiveCfg = Release|Win32
		{2AAB283C-6B3F-4A12-BA8A-B1CED8AC6C5F}.Release|x86.Build.0 = Release|Win32
		{44AAC87C-433A-4287-84A6-9303C9361347}.Debug|x64.ActiveCfg = Debug|x64
		{44AAC87C-433A-4287-84A6-9303C9361347}.Debug|x64.Build.0 = Debug|x64
		{44AAC87C-433A-4287-84A6-9303C9361347}.Debug|x86.ActiveCfg = Debug|Win32
		{44AAC87C-433A-4287-84A6-9303C9361347}.Debug|x86.Build.0 = Debug|Win32
		{44AAC87C-433A-4287-84A6-9303C9361347}.Release|x64.ActiveCfg = Release|x64
		{44AAC87C-433A-4287-84A6-9303C9361347}.Release|x64.Build.0 = Release|x64
		{44AAC87C-433A-4287-84A6-9303C9361347}.Release|x86.ActiveCfg = Release|Win32
		{44AAC87C-433A-4287-84A6-9303C9361347}.Release|x86.Build.0 = Release|Win32
	EndGlobalSection
	GlobalSection(SolutionProperties) = preSolution
		HideSolutionNode = FALSE
	EndGlobalSection
	GlobalSection(ExtensibilityGlobals) = postSolution
		SolutionGuid = {B3136C16-E5FA-4834-865C-9990FD24B774}
	EndGlobalSection
EndGlobal
